
Microsoft Visual Studio Solution File, Format Version 12.00
# Visual Studio Version 16
VisualStudioVersion = 16.0.29519.87
MinimumVisualStudioVersion = 10.0.40219.1
Project("{FAE04EC0-301F-11D3-BF4B-00C04F79EFBC}") = "DesktopContactApp", "DesktopContactApp\DesktopContactApp.csproj", "{6C5D38CC-FF2C-4C38-8ECC-61B85C826F28}"
EndProject
Global
	GlobalSection(SolutionConfigurationPlatforms) = preSolution
		Debug|Any CPU = Debug|Any CPU
		Release|Any CPU = Release|Any CPU
	EndGlobalSection
	GlobalSection(ProjectConfigurationPlatforms) = postSolution
		{6C5D38CC-FF2C-4C38-8ECC-61B85C826F28}.Debug|Any CPU.ActiveCfg = Debug|Any CPU
		{6C5D38CC-FF2C-4C38-8ECC-61B85C826F28}.Debug|Any CPU.Build.0 = Debug|Any CPU
		{6C5D38CC-FF2C-4C38-8ECC-61B85C826F28}.Release|Any CPU.ActiveCfg = Release|Any CPU
		{6C5D38CC-FF2C-4C38-8ECC-61B85C826F28}.Release|Any CPU.Build.0 = Release|Any CPU
	EndGlobalSection
	GlobalSection(SolutionProperties) = preSolution
		HideSolutionNode = FALSE
	EndGlobalSection
	GlobalSection(ExtensibilityGlobals) = postSolution
		SolutionGuid = {197467D5-C536-49F7-99D4-2BD579F4666E}
	EndGlobalSection
EndGlobal
